{
  "name": "lesson02",
  "version": "1.0.0",
  "lockfileVersion": 1,
  "requires": true,
  "dependencies": {
    "prettier-plugin-tailwindcss": {
      "version": "0.2.4",
      "resolved": "https://registry.npmjs.org/prettier-plugin-tailwindcss/-/prettier-plugin-tailwindcss-0.2.4.tgz",
      "integrity": "sha512-wMyugRI2yD8gqmMpZSS8kTA0gGeKozX/R+w8iWE+yiCZL09zY0SvfiHfHabNhjGhzxlQ2S2VuTxPE3T72vppCQ==",
      "dev": true
    }
  }
}
